
Microsoft Visual Studio Solution File, Format Version 12.00
# Visual Studio Version 17
VisualStudioVersion = 17.3.32825.248
MinimumVisualStudioVersion = 10.0.40219.1
Project("{FAE04EC0-301F-11D3-BF4B-00C04F79EFBC}") = "LocalDatabase_Via_ListView", "LocalDatabase_Via_ListView\LocalDatabase_Via_ListView.csproj", "{0A90DCAA-7505-4C9B-AEE9-D0EF9D429BF3}"
EndProject
Global
	GlobalSection(SolutionConfigurationPlatforms) = preSolution
		Debug|Any CPU = Debug|Any CPU
		Release|Any CPU = Release|Any CPU
	EndGlobalSection
	GlobalSection(ProjectConfigurationPlatforms) = postSolution
		{0A90DCAA-7505-4C9B-AEE9-D0EF9D429BF3}.Debug|Any CPU.ActiveCfg = Debug|Any CPU
		{0A90DCAA-7505-4C9B-AEE9-D0EF9D429BF3}.Debug|Any CPU.Build.0 = Debug|Any CPU
		{0A90DCAA-7505-4C9B-AEE9-D0EF9D429BF3}.Release|Any CPU.ActiveCfg = Release|Any CPU
		{0A90DCAA-7505-4C9B-AEE9-D0EF9D429BF3}.Release|Any CPU.Build.0 = Release|Any CPU
	EndGlobalSection
	GlobalSection(SolutionProperties) = preSolution
		HideSolutionNode = FALSE
	EndGlobalSection
	GlobalSection(ExtensibilityGlobals) = postSolution
		SolutionGuid = {ED91E9A1-B3C3-4CE7-A949-EE2E2DA3EC14}
	EndGlobalSection
EndGlobal
